<?xml version="1.0" encoding="utf-8"?>
<Project ToolsVersion="4.0" xmlns="http://schemas.microsoft.com/developer/msbuild/2003">
  <ItemGroup>
    <ClCompile Include="cvector.c" />
    <ClCompile Include="main.cpp" />
    <ClCompile Include="MemoryReaderWriter34.c" />
  </ItemGroup>
  <ItemGroup>
    <ClInclude Include="cvector.h" />
    <ClInclude Include="MemoryReaderWriter34.h" />
  </ItemGroup>
  <ItemGroup>
    <Filter Include="jni">
      <UniqueIdentifier>{b47a93a1-5b54-4b60-bc19-40467afa448e}</UniqueIdentifier>
    </Filter>
  </ItemGroup>
  <ItemGroup>
    <None Include="jni\Android.mk">
      <Filter>jni</Filter>
    </None>
    <None Include="jni\Application.mk">
      <Filter>jni</Filter>
    </None>
  </ItemGroup>
</Project>