<?xml version="1.0" encoding="utf-8"?>
<Project ToolsVersion="4.0" xmlns="http://schemas.microsoft.com/developer/msbuild/2003">
  <ItemGroup>
    <ClCompile Include="main.cpp" />
    <ClCompile Include="api.cpp" />
    <ClCompile Include="Global.cpp" />
    <ClCompile Include="porthelp.cpp" />
  </ItemGroup>
  <ItemGroup>
    <Filter Include="jni">
      <UniqueIdentifier>{fb591cf6-ecce-441d-a1b8-fc6a7cdce8e1}</UniqueIdentifier>
    </Filter>
  </ItemGroup>
  <ItemGroup>
    <None Include="jni\Android.mk">
      <Filter>jni</Filter>
    </None>
    <None Include="jni\Application.mk">
      <Filter>jni</Filter>
    </None>
  </ItemGroup>
  <ItemGroup>
    <ClInclude Include="api.h" />
    <ClInclude Include="Global.h" />
    <ClInclude Include="hwbpserver.h" />
    <ClInclude Include="porthelp.h" />
  </ItemGroup>
</Project>